// !$*UTF8*$!
{
	archiveVersion = 1;
	classes = {
	};
	objectVersion = 50;
	objects = {

/* Begin PBXBuildFile section */
		EEC62C7A25E0B55300DD69A1 /* main.cpp in Sources */ = {isa = PBXBuildFile; fileRef = EEC62C7925E0B55300DD69A1 /* main.cpp */; };
		EEC62C8725E0D61200DD69A1 /* main.cpp in Sources */ = {isa = PBXBuildFile; fileRef = EEC62C8625E0D61200DD69A1 /* main.cpp */; };
		EEC62C9525E0DFC200DD69A1 /* main.cpp in Sources */ = {isa = PBXBuildFile; fileRef = EEC62C9425E0DFC200DD69A1 /* main.cpp */; };
		EEDDB94B25CBA01B0086F286 /* main.cpp in Sources */ = {isa = PBXBuildFile; fileRef = EEDDB94A25CBA01B0086F286 /* main.cpp */; };
/* End PBXBuildFile section */

/* Begin PBXCopyFilesBuildPhase section */
		EEC62C7525E0B55300DD69A1 /* CopyFiles */ = {
			isa = PBXCopyFilesBuildPhase;
			buildActionMask = 2147483647;
			dstPath = /usr/share/man/man1/;
			dstSubfolderSpec = 0;
			files = (
			);
			runOnlyForDeploymentPostprocessing = 1;
		};
		EEC62C8225E0D61200DD69A1 /* CopyFiles */ = {
			isa = PBXCopyFilesBuildPhase;
			buildActionMask = 2147483647;
			dstPath = /usr/share/man/man1/;
			dstSubfolderSpec = 0;
			files = (
			);
			runOnlyForDeploymentPostprocessing = 1;
		};
		EEC62C9025E0DFC200DD69A1 /* CopyFiles */ = {
			isa = PBXCopyFilesBuildPhase;
			buildActionMask = 2147483647;
			dstPath = /usr/share/man/man1/;
			dstSubfolderSpec = 0;
			files = (
			);
			runOnlyForDeploymentPostprocessing = 1;
		};
		EEDDB94525CBA01B0086F286 /* CopyFiles */ = {
			isa = PBXCopyFilesBuildPhase;
			buildActionMask = 2147483647;
			dstPath = /usr/share/man/man1/;
			dstSubfolderSpec = 0;
			files = (
			);
			runOnlyForDeploymentPostprocessing = 1;
		};
/* End PBXCopyFilesBuildPhase section */

/* Begin PBXFileReference section */
		EEC62C7725E0B55300DD69A1 /* TimeConversion */ = {isa = PBXFileReference; explicitFileType = "compiled.mach-o.executable"; includeInIndex = 0; path = TimeConversion; sourceTree = BUILT_PRODUCTS_DIR; };
		EEC62C7925E0B55300DD69A1 /* main.cpp */ = {isa = PBXFileReference; lastKnownFileType = sourcecode.cpp.cpp; path = main.cpp; sourceTree = "<group>"; };
		EEC62C8425E0D61200DD69A1 /* AppleAndOrange */ = {isa = PBXFileReference; explicitFileType = "compiled.mach-o.executable"; includeInIndex = 0; path = AppleAndOrange; sourceTree = BUILT_PRODUCTS_DIR; };
		EEC62C8625E0D61200DD69A1 /* main.cpp */ = {isa = PBXFileReference; lastKnownFileType = sourcecode.cpp.cpp; path = main.cpp; sourceTree = "<group>"; };
		EEC62C9225E0DFC200DD69A1 /* NumberLineJumps */ = {isa = PBXFileReference; explicitFileType = "compiled.mach-o.executable"; includeInIndex = 0; path = NumberLineJumps; sourceTree = BUILT_PRODUCTS_DIR; };
		EEC62C9425E0DFC200DD69A1 /* main.cpp */ = {isa = PBXFileReference; lastKnownFileType = sourcecode.cpp.cpp; path = main.cpp; sourceTree = "<group>"; };
		EEDDB94725CBA01B0086F286 /* HACKERRANK */ = {isa = PBXFileReference; explicitFileType = "compiled.mach-o.executable"; includeInIndex = 0; path = HACKERRANK; sourceTree = BUILT_PRODUCTS_DIR; };
		EEDDB94A25CBA01B0086F286 /* main.cpp */ = {isa = PBXFileReference; lastKnownFileType = sourcecode.cpp.cpp; path = main.cpp; sourceTree = "<group>"; };
/* End PBXFileReference section */

/* Begin PBXFrameworksBuildPhase section */
		EEC62C7425E0B55300DD69A1 /* Frameworks */ = {
			isa = PBXFrameworksBuildPhase;
			buildActionMask = 2147483647;
			files = (
			);
			runOnlyForDeploymentPostprocessing = 0;
		};
		EEC62C8125E0D61200DD69A1 /* Frameworks */ = {
			isa = PBXFrameworksBuildPhase;
			buildActionMask = 2147483647;
			files = (
			);
			runOnlyForDeploymentPostprocessing = 0;
		};
		EEC62C8F25E0DFC200DD69A1 /* Frameworks */ = {
			isa = PBXFrameworksBuildPhase;
			buildActionMask = 2147483647;
			files = (
			);
			runOnlyForDeploymentPostprocessing = 0;
		};
		EEDDB94425CBA01B0086F286 /* Frameworks */ = {
			isa = PBXFrameworksBuildPhase;
			buildActionMask = 2147483647;
			files = (
			);
			runOnlyForDeploymentPostprocessing = 0;
		};
/* End PBXFrameworksBuildPhase section */

/* Begin PBXGroup section */
		EEC62C7825E0B55300DD69A1 /* TimeConversion */ = {
			isa = PBXGroup;
			children = (
				EEC62C7925E0B55300DD69A1 /* main.cpp */,
			);
			path = TimeConversion;
			sourceTree = "<group>";
		};
		EEC62C8525E0D61200DD69A1 /* AppleAndOrange */ = {
			isa = PBXGroup;
			children = (
				EEC62C8625E0D61200DD69A1 /* main.cpp */,
			);
			path = AppleAndOrange;
			sourceTree = "<group>";
		};
		EEC62C9325E0DFC200DD69A1 /* NumberLineJumps */ = {
			isa = PBXGroup;
			children = (
				EEC62C9425E0DFC200DD69A1 /* main.cpp */,
			);
			path = NumberLineJumps;
			sourceTree = "<group>";
		};
		EEDDB93E25CBA01B0086F286 = {
			isa = PBXGroup;
			children = (
				EEDDB94925CBA01B0086F286 /* HACKERRANK */,
				EEC62C7825E0B55300DD69A1 /* TimeConversion */,
				EEC62C8525E0D61200DD69A1 /* AppleAndOrange */,
				EEC62C9325E0DFC200DD69A1 /* NumberLineJumps */,
				EEDDB94825CBA01B0086F286 /* Products */,
			);
			sourceTree = "<group>";
		};
		EEDDB94825CBA01B0086F286 /* Products */ = {
			isa = PBXGroup;
			children = (
				EEDDB94725CBA01B0086F286 /* HACKERRANK */,
				EEC62C7725E0B55300DD69A1 /* TimeConversion */,
				EEC62C8425E0D61200DD69A1 /* AppleAndOrange */,
				EEC62C9225E0DFC200DD69A1 /* NumberLineJumps */,
			);
			name = Products;
			sourceTree = "<group>";
		};
		EEDDB94925CBA01B0086F286 /* HACKERRANK */ = {
			isa = PBXGroup;
			children = (
				EEDDB94A25CBA01B0086F286 /* main.cpp */,
			);
			path = HACKERRANK;
			sourceTree = "<group>";
		};
/* End PBXGroup section */

/* Begin PBXNativeTarget section */
		EEC62C7625E0B55300DD69A1 /* TimeConversion */ = {
			isa = PBXNativeTarget;
			buildConfigurationList = EEC62C7D25E0B55300DD69A1 /* Build configuration list for PBXNativeTarget "TimeConversion" */;
			buildPhases = (
				EEC62C7325E0B55300DD69A1 /* Sources */,
				EEC62C7425E0B55300DD69A1 /* Frameworks */,
				EEC62C7525E0B55300DD69A1 /* CopyFiles */,
			);
			buildRules = (
			);
			dependencies = (
			);
			name = TimeConversion;
			productName = TimeConversion;
			productReference = EEC62C7725E0B55300DD69A1 /* TimeConversion */;
			productType = "com.apple.product-type.tool";
		};
		EEC62C8325E0D61200DD69A1 /* AppleAndOrange */ = {
			isa = PBXNativeTarget;
			buildConfigurationList = EEC62C8825E0D61200DD69A1 /* Build configuration list for PBXNativeTarget "AppleAndOrange" */;
			buildPhases = (
				EEC62C8025E0D61200DD69A1 /* Sources */,
				EEC62C8125E0D61200DD69A1 /* Frameworks */,
				EEC62C8225E0D61200DD69A1 /* CopyFiles */,
			);
			buildRules = (
			);
			dependencies = (
			);
			name = AppleAndOrange;
			productName = AppleAndOrange;
			productReference = EEC62C8425E0D61200DD69A1 /* AppleAndOrange */;
			productType = "com.apple.product-type.tool";
		};
		EEC62C9125E0DFC200DD69A1 /* NumberLineJumps */ = {
			isa = PBXNativeTarget;
			buildConfigurationList = EEC62C9625E0DFC200DD69A1 /* Build configuration list for PBXNativeTarget "NumberLineJumps" */;
			buildPhases = (
				EEC62C8E25E0DFC200DD69A1 /* Sources */,
				EEC62C8F25E0DFC200DD69A1 /* Frameworks */,
				EEC62C9025E0DFC200DD69A1 /* CopyFiles */,
			);
			buildRules = (
			);
			dependencies = (
			);
			name = NumberLineJumps;
			productName = NumberLineJumps;
			productReference = EEC62C9225E0DFC200DD69A1 /* NumberLineJumps */;
			productType = "com.apple.product-type.tool";
		};
		EEDDB94625CBA01B0086F286 /* HACKERRANK */ = {
			isa = PBXNativeTarget;
			buildConfigurationList = EEDDB94E25CBA01B0086F286 /* Build configuration list for PBXNativeTarget "HACKERRANK" */;
			buildPhases = (
				EEDDB94325CBA01B0086F286 /* Sources */,
				EEDDB94425CBA01B0086F286 /* Frameworks */,
				EEDDB94525CBA01B0086F286 /* CopyFiles */,
			);
			buildRules = (
			);
			dependencies = (
			);
			name = HACKERRANK;
			productName = HACKERRANK;
			productReference = EEDDB94725CBA01B0086F286 /* HACKERRANK */;
			productType = "com.apple.product-type.tool";
		};
/* End PBXNativeTarget section */

/* Begin PBXProject section */
		EEDDB93F25CBA01B0086F286 /* Project object */ = {
			isa = PBXProject;
			attributes = {
				LastUpgradeCheck = 1220;
				TargetAttributes = {
					EEC62C7625E0B55300DD69A1 = {
						CreatedOnToolsVersion = 12.4;
					};
					EEC62C8325E0D61200DD69A1 = {
						CreatedOnToolsVersion = 12.4;
					};
					EEC62C9125E0DFC200DD69A1 = {
						CreatedOnToolsVersion = 12.4;
					};
					EEDDB94625CBA01B0086F286 = {
						CreatedOnToolsVersion = 12.2;
					};
				};
			};
			buildConfigurationList = EEDDB94225CBA01B0086F286 /* Build configuration list for PBXProject "HACKERRANK" */;
			compatibilityVersion = "Xcode 9.3";
			developmentRegion = en;
			hasScannedForEncodings = 0;
			knownRegions = (
				en,
				Base,
			);
			mainGroup = EEDDB93E25CBA01B0086F286;
			productRefGroup = EEDDB94825CBA01B0086F286 /* Products */;
			projectDirPath = "";
			projectRoot = "";
			targets = (
				EEDDB94625CBA01B0086F286 /* HACKERRANK */,
				EEC62C7625E0B55300DD69A1 /* TimeConversion */,
				EEC62C8325E0D61200DD69A1 /* AppleAndOrange */,
				EEC62C9125E0DFC200DD69A1 /* NumberLineJumps */,
			);
		};
/* End PBXProject section */

/* Begin PBXSourcesBuildPhase section */
		EEC62C7325E0B55300DD69A1 /* Sources */ = {
			isa = PBXSourcesBuildPhase;
			buildActionMask = 2147483647;
			files = (
				EEC62C7A25E0B55300DD69A1 /* main.cpp in Sources */,
			);
			runOnlyForDeploymentPostprocessing = 0;
		};
		EEC62C8025E0D61200DD69A1 /* Sources */ = {
			isa = PBXSourcesBuildPhase;
			buildActionMask = 2147483647;
			files = (
				EEC62C8725E0D61200DD69A1 /* main.cpp in Sources */,
			);
			runOnlyForDeploymentPostprocessing = 0;
		};
		EEC62C8E25E0DFC200DD69A1 /* Sources */ = {
			isa = PBXSourcesBuildPhase;
			buildActionMask = 2147483647;
			files = (
				EEC62C9525E0DFC200DD69A1 /* main.cpp in Sources */,
			);
			runOnlyForDeploymentPostprocessing = 0;
		};
		EEDDB94325CBA01B0086F286 /* Sources */ = {
			isa = PBXSourcesBuildPhase;
			buildActionMask = 2147483647;
			files = (
				EEDDB94B25CBA01B0086F286 /* main.cpp in Sources */,
			);
			runOnlyForDeploymentPostprocessing = 0;
		};
/* End PBXSourcesBuildPhase section */

/* Begin XCBuildConfiguration section */
		EEC62C7B25E0B55300DD69A1 /* Debug */ = {
			isa = XCBuildConfiguration;
			buildSettings = {
				CODE_SIGN_STYLE = Automatic;
				MACOSX_DEPLOYMENT_TARGET = 11.1;
				PRODUCT_NAME = "$(TARGET_NAME)";
			};
			name = Debug;
		};
		EEC62C7C25E0B55300DD69A1 /* Release */ = {
			isa = XCBuildConfiguration;
			buildSettings = {
				CODE_SIGN_STYLE = Automatic;
				MACOSX_DEPLOYMENT_TARGET = 11.1;
				PRODUCT_NAME = "$(TARGET_NAME)";
			};
			name = Release;
		};
		EEC62C8925E0D61200DD69A1 /* Debug */ = {
			isa = XCBuildConfiguration;
			buildSettings = {
				CODE_SIGN_STYLE = Automatic;
				MACOSX_DEPLOYMENT_TARGET = 11.1;
				PRODUCT_NAME = "$(TARGET_NAME)";
			};
			name = Debug;
		};
		EEC62C8A25E0D61200DD69A1 /* Release */ = {
			isa = XCBuildConfiguration;
			buildSettings = {
				CODE_SIGN_STYLE = Automatic;
				MACOSX_DEPLOYMENT_TARGET = 11.1;
				PRODUCT_NAME = "$(TARGET_NAME)";
			};
			name = Release;
		};
		EEC62C9725E0DFC200DD69A1 /* Debug */ = {
			isa = XCBuildConfiguration;
			buildSettings = {
				CODE_SIGN_STYLE = Automatic;
				MACOSX_DEPLOYMENT_TARGET = 11.1;
				PRODUCT_NAME = "$(TARGET_NAME)";
			};
			name = Debug;
		};
		EEC62C9825E0DFC200DD69A1 /* Release */ = {
			isa = XCBuildConfiguration;
			buildSettings = {
				CODE_SIGN_STYLE = Automatic;
				MACOSX_DEPLOYMENT_TARGET = 11.1;
				PRODUCT_NAME = "$(TARGET_NAME)";
			};
			name = Release;
		};
		EEDDB94C25CBA01B0086F286 /* Debug */ = {
			isa = XCBuildConfiguration;
			buildSettings = {
				ALWAYS_SEARCH_USER_PATHS = NO;
				CLANG_ANALYZER_NONNULL = YES;
				CLANG_ANALYZER_NUMBER_OBJECT_CONVERSION = YES_AGGRESSIVE;
				CLANG_CXX_LANGUAGE_STANDARD = "gnu++14";
				CLANG_CXX_LIBRARY = "libc++";
				CLANG_ENABLE_MODULES = YES;
				CLANG_ENABLE_OBJC_ARC = YES;
				CLANG_ENABLE_OBJC_WEAK = YES;
				CLANG_WARN_BLOCK_CAPTURE_AUTORELEASING = YES;
				CLANG_WARN_BOOL_CONVERSION = YES;
				CLANG_WARN_COMMA = YES;
				CLANG_WARN_CONSTANT_CONVERSION = YES;
				CLANG_WARN_DEPRECATED_OBJC_IMPLEMENTATIONS = YES;
				CLANG_WARN_DIRECT_OBJC_ISA_USAGE = YES_ERROR;
				CLANG_WARN_DOCUMENTATION_COMMENTS = YES;
				CLANG_WARN_EMPTY_BODY = YES;
				CLANG_WARN_ENUM_CONVERSION = YES;
				CLANG_WARN_INFINITE_RECURSION = YES;
				CLANG_WARN_INT_CONVERSION = YES;
				CLANG_WARN_NON_LITERAL_NULL_CONVERSION = YES;
				CLANG_WARN_OBJC_IMPLICIT_RETAIN_SELF = YES;
				CLANG_WARN_OBJC_LITERAL_CONVERSION = YES;
				CLANG_WARN_OBJC_ROOT_CLASS = YES_ERROR;
				CLANG_WARN_QUOTED_INCLUDE_IN_FRAMEWORK_HEADER = YES;
				CLANG_WARN_RANGE_LOOP_ANALYSIS = YES;
				CLANG_WARN_STRICT_PROTOTYPES = YES;
				CLANG_WARN_SUSPICIOUS_MOVE = YES;
				CLANG_WARN_UNGUARDED_AVAILABILITY = YES_AGGRESSIVE;
				CLANG_WARN_UNREACHABLE_CODE = YES;
				CLANG_WARN__DUPLICATE_METHOD_MATCH = YES;
				COPY_PHASE_STRIP = NO;
				DEBUG_INFORMATION_FORMAT = dwarf;
				ENABLE_STRICT_OBJC_MSGSEND = YES;
				ENABLE_TESTABILITY = YES;
				GCC_C_LANGUAGE_STANDARD = gnu11;
				GCC_DYNAMIC_NO_PIC = NO;
				GCC_NO_COMMON_BLOCKS = YES;
				GCC_OPTIMIZATION_LEVEL = 0;
				GCC_PREPROCESSOR_DEFINITIONS = (
					"DEBUG=1",
					"$(inherited)",
				);
				GCC_WARN_64_TO_32_BIT_CONVERSION = YES;
				GCC_WARN_ABOUT_RETURN_TYPE = YES_ERROR;
				GCC_WARN_UNDECLARED_SELECTOR = YES;
				GCC_WARN_UNINITIALIZED_AUTOS = YES_AGGRESSIVE;
				GCC_WARN_UNUSED_FUNCTION = YES;
				GCC_WARN_UNUSED_VARIABLE = YES;
				MACOSX_DEPLOYMENT_TARGET = 11.0;
				MTL_ENABLE_DEBUG_INFO = INCLUDE_SOURCE;
				MTL_FAST_MATH = YES;
				ONLY_ACTIVE_ARCH = YES;
				SDKROOT = macosx;
			};
			name = Debug;
		};
		EEDDB94D25CBA01B0086F286 /* Release */ = {
			isa = XCBuildConfiguration;
			buildSettings = {
				ALWAYS_SEARCH_USER_PATHS = NO;
				CLANG_ANALYZER_NONNULL = YES;
				CLANG_ANALYZER_NUMBER_OBJECT_CONVERSION = YES_AGGRESSIVE;
				CLANG_CXX_LANGUAGE_STANDARD = "gnu++14";
				CLANG_CXX_LIBRARY = "libc++";
				CLANG_ENABLE_MODULES = YES;
				CLANG_ENABLE_OBJC_ARC = YES;
				CLANG_ENABLE_OBJC_WEAK = YES;
				CLANG_WARN_BLOCK_CAPTURE_AUTORELEASING = YES;
				CLANG_WARN_BOOL_CONVERSION = YES;
				CLANG_WARN_COMMA = YES;
				CLANG_WARN_CONSTANT_CONVERSION = YES;
				CLANG_WARN_DEPRECATED_OBJC_IMPLEMENTATIONS = YES;
				CLANG_WARN_DIRECT_OBJC_ISA_USAGE = YES_ERROR;
				CLANG_WARN_DOCUMENTATION_COMMENTS = YES;
				CLANG_WARN_EMPTY_BODY = YES;
				CLANG_WARN_ENUM_CONVERSION = YES;
				CLANG_WARN_INFINITE_RECURSION = YES;
				CLANG_WARN_INT_CONVERSION = YES;
				CLANG_WARN_NON_LITERAL_NULL_CONVERSION = YES;
				CLANG_WARN_OBJC_IMPLICIT_RETAIN_SELF = YES;
				CLANG_WARN_OBJC_LITERAL_CONVERSION = YES;
				CLANG_WARN_OBJC_ROOT_CLASS = YES_ERROR;
				CLANG_WARN_QUOTED_INCLUDE_IN_FRAMEWORK_HEADER = YES;
				CLANG_WARN_RANGE_LOOP_ANALYSIS = YES;
				CLANG_WARN_STRICT_PROTOTYPES = YES;
				CLANG_WARN_SUSPICIOUS_MOVE = YES;
				CLANG_WARN_UNGUARDED_AVAILABILITY = YES_AGGRESSIVE;
				CLANG_WARN_UNREACHABLE_CODE = YES;
				CLANG_WARN__DUPLICATE_METHOD_MATCH = YES;
				COPY_PHASE_STRIP = NO;
				DEBUG_INFORMATION_FORMAT = "dwarf-with-dsym";
				ENABLE_NS_ASSERTIONS = NO;
				ENABLE_STRICT_OBJC_MSGSEND = YES;
				GCC_C_LANGUAGE_STANDARD = gnu11;
				GCC_NO_COMMON_BLOCKS = YES;
				GCC_WARN_64_TO_32_BIT_CONVERSION = YES;
				GCC_WARN_ABOUT_RETURN_TYPE = YES_ERROR;
				GCC_WARN_UNDECLARED_SELECTOR = YES;
				GCC_WARN_UNINITIALIZED_AUTOS = YES_AGGRESSIVE;
				GCC_WARN_UNUSED_FUNCTION = YES;
				GCC_WARN_UNUSED_VARIABLE = YES;
				MACOSX_DEPLOYMENT_TARGET = 11.0;
				MTL_ENABLE_DEBUG_INFO = NO;
				MTL_FAST_MATH = YES;
				SDKROOT = macosx;
			};
			name = Release;
		};
		EEDDB94F25CBA01B0086F286 /* Debug */ = {
			isa = XCBuildConfiguration;
			buildSettings = {
				CODE_SIGN_STYLE = Automatic;
				PRODUCT_NAME = "$(TARGET_NAME)";
			};
			name = Debug;
		};
		EEDDB95025CBA01B0086F286 /* Release */ = {
			isa = XCBuildConfiguration;
			buildSettings = {
				CODE_SIGN_STYLE = Automatic;
				PRODUCT_NAME = "$(TARGET_NAME)";
			};
			name = Release;
		};
/* End XCBuildConfiguration section */

/* Begin XCConfigurationList section */
		EEC62C7D25E0B55300DD69A1 /* Build configuration list for PBXNativeTarget "TimeConversion" */ = {
			isa = XCConfigurationList;
			buildConfigurations = (
				EEC62C7B25E0B55300DD69A1 /* Debug */,
				EEC62C7C25E0B55300DD69A1 /* Release */,
			);
			defaultConfigurationIsVisible = 0;
			defaultConfigurationName = Release;
		};
		EEC62C8825E0D61200DD69A1 /* Build configuration list for PBXNativeTarget "AppleAndOrange" */ = {
			isa = XCConfigurationList;
			buildConfigurations = (
				EEC62C8925E0D61200DD69A1 /* Debug */,
				EEC62C8A25E0D61200DD69A1 /* Release */,
			);
			defaultConfigurationIsVisible = 0;
			defaultConfigurationName = Release;
		};
		EEC62C9625E0DFC200DD69A1 /* Build configuration list for PBXNativeTarget "NumberLineJumps" */ = {
			isa = XCConfigurationList;
			buildConfigurations = (
				EEC62C9725E0DFC200DD69A1 /* Debug */,
				EEC62C9825E0DFC200DD69A1 /* Release */,
			);
			defaultConfigurationIsVisible = 0;
			defaultConfigurationName = Release;
		};
		EEDDB94225CBA01B0086F286 /* Build configuration list for PBXProject "HACKERRANK" */ = {
			isa = XCConfigurationList;
			buildConfigurations = (
				EEDDB94C25CBA01B0086F286 /* Debug */,
				EEDDB94D25CBA01B0086F286 /* Release */,
			);
			defaultConfigurationIsVisible = 0;
			defaultConfigurationName = Release;
		};
		EEDDB94E25CBA01B0086F286 /* Build configuration list for PBXNativeTarget "HACKERRANK" */ = {
			isa = XCConfigurationList;
			buildConfigurations = (
				EEDDB94F25CBA01B0086F286 /* Debug */,
				EEDDB95025CBA01B0086F286 /* Release */,
			);
			defaultConfigurationIsVisible = 0;
			defaultConfigurationName = Release;
		};
/* End XCConfigurationList section */
	};
	rootObject = EEDDB93F25CBA01B0086F286 /* Project object */;
}
